<?xml version="1.0" encoding="utf-8"?>
<Project ToolsVersion="4.0" xmlns="http://schemas.microsoft.com/developer/msbuild/2003">
  <ItemGroup>
    <Filter Include="Source Files">
      <UniqueIdentifier>{4FC737F1-C7A5-4376-A066-2A32D752A2FF}</UniqueIdentifier>
      <Extensions>cpp;c;cc;cxx;def;odl;idl;hpj;bat;asm;asmx</Extensions>
    </Filter>
    <Filter Include="Header Files">
      <UniqueIdentifier>{93995380-89BD-4b04-88EB-625FBE52EBFB}</UniqueIdentifier>
      <Extensions>h;hh;hpp;hxx;hm;inl;inc;ipp;xsd</Extensions>
    </Filter>
    <Filter Include="Resource Files">
      <UniqueIdentifier>{67DA6AB6-F800-4c08-8B7A-83BB121AAD01}</UniqueIdentifier>
      <Extensions>rc;ico;cur;bmp;dlg;rc2;rct;bin;rgs;gif;jpg;jpeg;jpe;resx;tiff;tif;png;wav;mfcribbon-ms</Extensions>
    </Filter>
    <Filter Include="SDK">
      <UniqueIdentifier>{97233778-af07-48b3-9111-ff29327c11ac}</UniqueIdentifier>
    </Filter>
  </ItemGroup>
  <ItemGroup>
    <ClInclude Include="SDK.hpp">
      <Filter>Header Files</Filter>
    </ClInclude>
    <ClInclude Include="SDK\AC_Basic.hpp">
      <Filter>SDK</Filter>
    </ClInclude>
    <ClInclude Include="SDK\AC_Core_classes.hpp">
      <Filter>SDK</Filter>
    </ClInclude>
    <ClInclude Include="SDK\AC_Core_parameters.hpp">
      <Filter>SDK</Filter>
    </ClInclude>
    <ClInclude Include="SDK\AC_Core_structs.hpp">
      <Filter>SDK</Filter>
    </ClInclude>
    <ClInclude Include="SDK\AC_Engine_classes.hpp">
      <Filter>SDK</Filter>
    </ClInclude>
    <ClInclude Include="SDK\AC_Engine_parameters.hpp">
      <Filter>SDK</Filter>
    </ClInclude>
    <ClInclude Include="SDK\AC_Engine_structs.hpp">
      <Filter>SDK</Filter>
    </ClInclude>
    <ClInclude Include="SDK\AC_GameFramework_classes.hpp">
      <Filter>SDK</Filter>
    </ClInclude>
    <ClInclude Include="SDK\AC_GameFramework_parameters.hpp">
      <Filter>SDK</Filter>
    </ClInclude>
    <ClInclude Include="SDK\AC_GameFramework_structs.hpp">
      <Filter>SDK</Filter>
    </ClInclude>
    <ClInclude Include="SDK\AC_GFxUI_classes.hpp">
      <Filter>SDK</Filter>
    </ClInclude>
    <ClInclude Include="SDK\AC_GFxUI_parameters.hpp">
      <Filter>SDK</Filter>
    </ClInclude>
    <ClInclude Include="SDK\AC_GFxUI_structs.hpp">
      <Filter>SDK</Filter>
    </ClInclude>
    <ClInclude Include="SDK\AC_GFxUIEditor_classes.hpp">
      <Filter>SDK</Filter>
    </ClInclude>
    <ClInclude Include="SDK\AC_GFxUIEditor_parameters.hpp">
      <Filter>SDK</Filter>
    </ClInclude>
    <ClInclude Include="SDK\AC_GFxUIEditor_structs.hpp">
      <Filter>SDK</Filter>
    </ClInclude>
    <ClInclude Include="SDK\AC_Hazard_classes.hpp">
      <Filter>SDK</Filter>
    </ClInclude>
    <ClInclude Include="SDK\AC_Hazard_parameters.hpp">
      <Filter>SDK</Filter>
    </ClInclude>
    <ClInclude Include="SDK\AC_Hazard_structs.hpp">
      <Filter>SDK</Filter>
    </ClInclude>
    <ClInclude Include="SDK\AC_IpDrv_classes.hpp">
      <Filter>SDK</Filter>
    </ClInclude>
    <ClInclude Include="SDK\AC_IpDrv_parameters.hpp">
      <Filter>SDK</Filter>
    </ClInclude>
    <ClInclude Include="SDK\AC_IpDrv_structs.hpp">
      <Filter>SDK</Filter>
    </ClInclude>
    <ClInclude Include="SDK\AC_OnlineSubsystemSteamworks_classes.hpp">
      <Filter>SDK</Filter>
    </ClInclude>
    <ClInclude Include="SDK\AC_OnlineSubsystemSteamworks_parameters.hpp">
      <Filter>SDK</Filter>
    </ClInclude>
    <ClInclude Include="SDK\AC_OnlineSubsystemSteamworks_structs.hpp">
      <Filter>SDK</Filter>
    </ClInclude>
    <ClInclude Include="SDK\AC_UDKBase_classes.hpp">
      <Filter>SDK</Filter>
    </ClInclude>
    <ClInclude Include="SDK\AC_UDKBase_parameters.hpp">
      <Filter>SDK</Filter>
    </ClInclude>
    <ClInclude Include="SDK\AC_UDKBase_structs.hpp">
      <Filter>SDK</Filter>
    </ClInclude>
    <ClInclude Include="SDK\AC_UnrealEd_classes.hpp">
      <Filter>SDK</Filter>
    </ClInclude>
    <ClInclude Include="SDK\AC_UnrealEd_parameters.hpp">
      <Filter>SDK</Filter>
    </ClInclude>
    <ClInclude Include="SDK\AC_UnrealEd_structs.hpp">
      <Filter>SDK</Filter>
    </ClInclude>
    <ClInclude Include="SDK\AC_UTEditor_classes.hpp">
      <Filter>SDK</Filter>
    </ClInclude>
    <ClInclude Include="SDK\AC_UTEditor_parameters.hpp">
      <Filter>SDK</Filter>
    </ClInclude>
    <ClInclude Include="SDK\AC_UTEditor_structs.hpp">
      <Filter>SDK</Filter>
    </ClInclude>
    <ClInclude Include="SDK\AC_UTGame_classes.hpp">
      <Filter>SDK</Filter>
    </ClInclude>
    <ClInclude Include="SDK\AC_UTGame_parameters.hpp">
      <Filter>SDK</Filter>
    </ClInclude>
    <ClInclude Include="SDK\AC_UTGame_structs.hpp">
      <Filter>SDK</Filter>
    </ClInclude>
    <ClInclude Include="SDK\AC_WinDrv_classes.hpp">
      <Filter>SDK</Filter>
    </ClInclude>
    <ClInclude Include="SDK\AC_WinDrv_parameters.hpp">
      <Filter>SDK</Filter>
    </ClInclude>
    <ClInclude Include="SDK\AC_WinDrv_structs.hpp">
      <Filter>SDK</Filter>
    </ClInclude>
    <ClInclude Include="SDK\AC_XAudio2_classes.hpp">
      <Filter>SDK</Filter>
    </ClInclude>
    <ClInclude Include="SDK\AC_XAudio2_parameters.hpp">
      <Filter>SDK</Filter>
    </ClInclude>
    <ClInclude Include="SDK\AC_XAudio2_structs.hpp">
      <Filter>SDK</Filter>
    </ClInclude>
  </ItemGroup>
  <ItemGroup>
    <ClCompile Include="dllmain.cpp">
      <Filter>Source Files</Filter>
    </ClCompile>
    <ClCompile Include="SDK\AC_Basic.cpp">
      <Filter>SDK</Filter>
    </ClCompile>
    <ClCompile Include="SDK\AC_Core_functions.cpp">
      <Filter>SDK</Filter>
    </ClCompile>
    <ClCompile Include="SDK\AC_Engine_functions.cpp">
      <Filter>SDK</Filter>
    </ClCompile>
    <ClCompile Include="SDK\AC_GameFramework_functions.cpp">
      <Filter>SDK</Filter>
    </ClCompile>
    <ClCompile Include="SDK\AC_GFxUI_functions.cpp">
      <Filter>SDK</Filter>
    </ClCompile>
    <ClCompile Include="SDK\AC_GFxUIEditor_functions.cpp">
      <Filter>SDK</Filter>
    </ClCompile>
    <ClCompile Include="SDK\AC_IpDrv_functions.cpp">
      <Filter>SDK</Filter>
    </ClCompile>
    <ClCompile Include="SDK\AC_OnlineSubsystemSteamworks_functions.cpp">
      <Filter>SDK</Filter>
    </ClCompile>
    <ClCompile Include="SDK\AC_UDKBase_functions.cpp">
      <Filter>SDK</Filter>
    </ClCompile>
    <ClCompile Include="SDK\AC_UnrealEd_functions.cpp">
      <Filter>SDK</Filter>
    </ClCompile>
    <ClCompile Include="SDK\AC_UTEditor_functions.cpp">
      <Filter>SDK</Filter>
    </ClCompile>
    <ClCompile Include="SDK\AC_UTGame_functions.cpp">
      <Filter>SDK</Filter>
    </ClCompile>
    <ClCompile Include="SDK\AC_WinDrv_functions.cpp">
      <Filter>SDK</Filter>
    </ClCompile>
    <ClCompile Include="SDK\AC_XAudio2_functions.cpp">
      <Filter>SDK</Filter>
    </ClCompile>
    <ClCompile Include="SDK\AC_Hazard_functions.cpp">
      <Filter>SDK</Filter>
    </ClCompile>
  </ItemGroup>
</Project>